
Microsoft Visual Studio Solution File, Format Version 12.00
# Visual Studio Version 17
VisualStudioVersion = 17.6.33815.320
MinimumVisualStudioVersion = 10.0.40219.1
Project("{FAE04EC0-301F-11D3-BF4B-00C04F79EFBC}") = "Num2", "Num2\Num2.csproj", "{913ACF30-14FC-4A2F-83B9-6261AC73EA84}"
EndProject
Project("{2150E333-8FDC-42A3-9474-1A3956D46DE8}") = "Elementos de la solución", "Elementos de la solución", "{55C8DC30-57CC-4C65-BC14-2CADDC5AE85A}"
EndProject
Global
	GlobalSection(SolutionConfigurationPlatforms) = preSolution
		Debug|Any CPU = Debug|Any CPU
		Release|Any CPU = Release|Any CPU
	EndGlobalSection
	GlobalSection(ProjectConfigurationPlatforms) = postSolution
		{913ACF30-14FC-4A2F-83B9-6261AC73EA84}.Debug|Any CPU.ActiveCfg = Debug|Any CPU
		{913ACF30-14FC-4A2F-83B9-6261AC73EA84}.Debug|Any CPU.Build.0 = Debug|Any CPU
		{913ACF30-14FC-4A2F-83B9-6261AC73EA84}.Release|Any CPU.ActiveCfg = Release|Any CPU
		{913ACF30-14FC-4A2F-83B9-6261AC73EA84}.Release|Any CPU.Build.0 = Release|Any CPU
	EndGlobalSection
	GlobalSection(SolutionProperties) = preSolution
		HideSolutionNode = FALSE
	EndGlobalSection
	GlobalSection(ExtensibilityGlobals) = postSolution
		SolutionGuid = {CD554CF0-C2B8-4579-A744-A0128358E26B}
	EndGlobalSection
EndGlobal
